schema: '2.0'
stages:
  prepare:
    cmd: python src/prepare.py
    deps:
    - path: data/raw
      md5: 392859941730af73895d057ac48ad939.dir
      size: 106557364
      nfiles: 13398
    - path: src/prepare.py
      md5: ef804f358e00edcfe52c865b471f8f55
      size: 1231
    outs:
    - path: data/prepared/test.csv
      md5: 504c930338eb51cf36581766b81ec735
      size: 85693
    - path: data/prepared/train.csv
      md5: abac1450d7e70629c112d6d945a29d0c
      size: 212458
  train:
    cmd: python src/train.py
    deps:
    - path: data/prepared/train.csv
      md5: abac1450d7e70629c112d6d945a29d0c
      size: 212458
    - path: src/train.py
      md5: 8afd0b487365179d1b8bcca7e57a64cd
      size: 1324
    outs:
    - path: model/model.joblib
      md5: 04141b5f2dad6898b148573e7d802cea
      size: 241075
  evaluate:
    cmd: python src/evaluate.py
    deps:
    - path: model/model.joblib
      md5: 04141b5f2dad6898b148573e7d802cea
      size: 241075
    - path: src/evaluate.py
      md5: b197277667d6269271fff4ae4af8a941
      size: 645
    outs:
    - path: metrics/accuracy.json
      md5: 5ad59eff4093296d2f88765627c4cd47
      size: 31
